
Microsoft Visual Studio Solution File, Format Version 12.00
# Visual Studio Version 17
VisualStudioVersion = 17.10.35013.160
MinimumVisualStudioVersion = 10.0.40219.1
Project("{9A19103F-16F7-4668-BE54-9A1E7A4F7556}") = "Entities", "Entities\Entities.csproj", "{427A05A6-AF8C-444F-A6E2-460A13988B31}"
EndProject
Project("{9A19103F-16F7-4668-BE54-9A1E7A4F7556}") = "Infra", "Infra\Infra.csproj", "{384D3BB6-0D29-4F13-BC81-FD020A97E9FF}"
EndProject
Project("{9A19103F-16F7-4668-BE54-9A1E7A4F7556}") = "Domain", "Domain\Domain.csproj", "{3DB6E8D1-C401-4BD9-AAC9-DC1E65E2BCB1}"
EndProject
Project("{FAE04EC0-301F-11D3-BF4B-00C04F79EFBC}") = "WebAPIs", "WebAPIs\WebAPIs.csproj", "{4A71DCFE-1FEC-47D5-854F-D1BFF3351D4D}"
EndProject
Global
	GlobalSection(SolutionConfigurationPlatforms) = preSolution
		Debug|Any CPU = Debug|Any CPU
		Release|Any CPU = Release|Any CPU
	EndGlobalSection
	GlobalSection(ProjectConfigurationPlatforms) = postSolution
		{427A05A6-AF8C-444F-A6E2-460A13988B31}.Debug|Any CPU.ActiveCfg = Debug|Any CPU
		{427A05A6-AF8C-444F-A6E2-460A13988B31}.Debug|Any CPU.Build.0 = Debug|Any CPU
		{427A05A6-AF8C-444F-A6E2-460A13988B31}.Release|Any CPU.ActiveCfg = Release|Any CPU
		{427A05A6-AF8C-444F-A6E2-460A13988B31}.Release|Any CPU.Build.0 = Release|Any CPU
		{384D3BB6-0D29-4F13-BC81-FD020A97E9FF}.Debug|Any CPU.ActiveCfg = Debug|Any CPU
		{384D3BB6-0D29-4F13-BC81-FD020A97E9FF}.Debug|Any CPU.Build.0 = Debug|Any CPU
		{384D3BB6-0D29-4F13-BC81-FD020A97E9FF}.Release|Any CPU.ActiveCfg = Release|Any CPU
		{384D3BB6-0D29-4F13-BC81-FD020A97E9FF}.Release|Any CPU.Build.0 = Release|Any CPU
		{3DB6E8D1-C401-4BD9-AAC9-DC1E65E2BCB1}.Debug|Any CPU.ActiveCfg = Debug|Any CPU
		{3DB6E8D1-C401-4BD9-AAC9-DC1E65E2BCB1}.Debug|Any CPU.Build.0 = Debug|Any CPU
		{3DB6E8D1-C401-4BD9-AAC9-DC1E65E2BCB1}.Release|Any CPU.ActiveCfg = Release|Any CPU
		{3DB6E8D1-C401-4BD9-AAC9-DC1E65E2BCB1}.Release|Any CPU.Build.0 = Release|Any CPU
		{4A71DCFE-1FEC-47D5-854F-D1BFF3351D4D}.Debug|Any CPU.ActiveCfg = Debug|Any CPU
		{4A71DCFE-1FEC-47D5-854F-D1BFF3351D4D}.Debug|Any CPU.Build.0 = Debug|Any CPU
		{4A71DCFE-1FEC-47D5-854F-D1BFF3351D4D}.Release|Any CPU.ActiveCfg = Release|Any CPU
		{4A71DCFE-1FEC-47D5-854F-D1BFF3351D4D}.Release|Any CPU.Build.0 = Release|Any CPU
	EndGlobalSection
	GlobalSection(SolutionProperties) = preSolution
		HideSolutionNode = FALSE
	EndGlobalSection
	GlobalSection(ExtensibilityGlobals) = postSolution
		SolutionGuid = {5F20DD07-B15F-43B7-B30C-AA7C5349511A}
	EndGlobalSection
EndGlobal
