
Microsoft Visual Studio Solution File, Format Version 12.00
# Visual Studio Version 17
VisualStudioVersion = 17.10.35013.160
MinimumVisualStudioVersion = 10.0.40219.1
Project("{FAE04EC0-301F-11D3-BF4B-00C04F79EFBC}") = "Manager.Domain", "Manager.Domain\Manager.Domain.csproj", "{225976E2-A3DE-460A-B559-B86B71F41E1C}"
EndProject
Project("{FAE04EC0-301F-11D3-BF4B-00C04F79EFBC}") = "Manager.API", "Manager.API\Manager.API.csproj", "{9903C132-AD19-42A2-B944-53F4C09AABE6}"
EndProject
Project("{FAE04EC0-301F-11D3-BF4B-00C04F79EFBC}") = "Manager.Services", "Manager.Services\Manager.Services.csproj", "{5BD7F049-8D6D-442A-920D-B5E19D70D4F0}"
EndProject
Project("{FAE04EC0-301F-11D3-BF4B-00C04F79EFBC}") = "Manager.Infra", "Manager.Infra\Manager.Infra.csproj", "{EC8346E3-E30D-4196-9261-A18AB6DF8C97}"
EndProject
Project("{FAE04EC0-301F-11D3-BF4B-00C04F79EFBC}") = "Manager.Core", "Manager.Core\Manager.Core.csproj", "{AF4308CE-7F7B-4C6E-9FF5-299C8CD6C486}"
EndProject
Global
	GlobalSection(SolutionConfigurationPlatforms) = preSolution
		Debug|Any CPU = Debug|Any CPU
		Release|Any CPU = Release|Any CPU
	EndGlobalSection
	GlobalSection(ProjectConfigurationPlatforms) = postSolution
		{225976E2-A3DE-460A-B559-B86B71F41E1C}.Debug|Any CPU.ActiveCfg = Debug|Any CPU
		{225976E2-A3DE-460A-B559-B86B71F41E1C}.Debug|Any CPU.Build.0 = Debug|Any CPU
		{225976E2-A3DE-460A-B559-B86B71F41E1C}.Release|Any CPU.ActiveCfg = Release|Any CPU
		{225976E2-A3DE-460A-B559-B86B71F41E1C}.Release|Any CPU.Build.0 = Release|Any CPU
		{9903C132-AD19-42A2-B944-53F4C09AABE6}.Debug|Any CPU.ActiveCfg = Debug|Any CPU
		{9903C132-AD19-42A2-B944-53F4C09AABE6}.Debug|Any CPU.Build.0 = Debug|Any CPU
		{9903C132-AD19-42A2-B944-53F4C09AABE6}.Release|Any CPU.ActiveCfg = Release|Any CPU
		{9903C132-AD19-42A2-B944-53F4C09AABE6}.Release|Any CPU.Build.0 = Release|Any CPU
		{5BD7F049-8D6D-442A-920D-B5E19D70D4F0}.Debug|Any CPU.ActiveCfg = Debug|Any CPU
		{5BD7F049-8D6D-442A-920D-B5E19D70D4F0}.Debug|Any CPU.Build.0 = Debug|Any CPU
		{5BD7F049-8D6D-442A-920D-B5E19D70D4F0}.Release|Any CPU.ActiveCfg = Release|Any CPU
		{5BD7F049-8D6D-442A-920D-B5E19D70D4F0}.Release|Any CPU.Build.0 = Release|Any CPU
		{EC8346E3-E30D-4196-9261-A18AB6DF8C97}.Debug|Any CPU.ActiveCfg = Debug|Any CPU
		{EC8346E3-E30D-4196-9261-A18AB6DF8C97}.Debug|Any CPU.Build.0 = Debug|Any CPU
		{EC8346E3-E30D-4196-9261-A18AB6DF8C97}.Release|Any CPU.ActiveCfg = Release|Any CPU
		{EC8346E3-E30D-4196-9261-A18AB6DF8C97}.Release|Any CPU.Build.0 = Release|Any CPU
		{AF4308CE-7F7B-4C6E-9FF5-299C8CD6C486}.Debug|Any CPU.ActiveCfg = Debug|Any CPU
		{AF4308CE-7F7B-4C6E-9FF5-299C8CD6C486}.Debug|Any CPU.Build.0 = Debug|Any CPU
		{AF4308CE-7F7B-4C6E-9FF5-299C8CD6C486}.Release|Any CPU.ActiveCfg = Release|Any CPU
		{AF4308CE-7F7B-4C6E-9FF5-299C8CD6C486}.Release|Any CPU.Build.0 = Release|Any CPU
	EndGlobalSection
	GlobalSection(SolutionProperties) = preSolution
		HideSolutionNode = FALSE
	EndGlobalSection
	GlobalSection(ExtensibilityGlobals) = postSolution
		SolutionGuid = {9FF5807D-E58E-433C-881B-91E883B939E8}
	EndGlobalSection
EndGlobal
